
Microsoft Visual Studio Solution File, Format Version 12.00
# Visual Studio Version 17
VisualStudioVersion = 17.5.33516.290
MinimumVisualStudioVersion = 10.0.40219.1
Project("{FAE04EC0-301F-11D3-BF4B-00C04F79EFBC}") = "CustomerOrderSystem", "CustomerOrderSystem\CustomerOrderSystem.csproj", "{570259E8-F10C-4F5B-94C1-7044BFB0B694}"
EndProject
Global
	GlobalSection(SolutionConfigurationPlatforms) = preSolution
		Debug|Any CPU = Debug|Any CPU
		Release|Any CPU = Release|Any CPU
	EndGlobalSection
	GlobalSection(ProjectConfigurationPlatforms) = postSolution
		{570259E8-F10C-4F5B-94C1-7044BFB0B694}.Debug|Any CPU.ActiveCfg = Debug|Any CPU
		{570259E8-F10C-4F5B-94C1-7044BFB0B694}.Debug|Any CPU.Build.0 = Debug|Any CPU
		{570259E8-F10C-4F5B-94C1-7044BFB0B694}.Release|Any CPU.ActiveCfg = Release|Any CPU
		{570259E8-F10C-4F5B-94C1-7044BFB0B694}.Release|Any CPU.Build.0 = Release|Any CPU
	EndGlobalSection
	GlobalSection(SolutionProperties) = preSolution
		HideSolutionNode = FALSE
	EndGlobalSection
	GlobalSection(ExtensibilityGlobals) = postSolution
		SolutionGuid = {7DBF174A-CC28-46F2-A22E-D599B4B88115}
	EndGlobalSection
EndGlobal
